
Microsoft Visual Studio Solution File, Format Version 12.00
# Visual Studio Version 16
VisualStudioVersion = 16.0.30413.136
MinimumVisualStudioVersion = 10.0.40219.1
Project("{FAE04EC0-301F-11D3-BF4B-00C04F79EFBC}") = "IdentityDemo", "IdentityDemo\IdentityDemo.csproj", "{A1395CEA-0880-467E-993A-4C1B62B961ED}"
EndProject
Global
	GlobalSection(SolutionConfigurationPlatforms) = preSolution
		Debug|Any CPU = Debug|Any CPU
		Release|Any CPU = Release|Any CPU
	EndGlobalSection
	GlobalSection(ProjectConfigurationPlatforms) = postSolution
		{A1395CEA-0880-467E-993A-4C1B62B961ED}.Debug|Any CPU.ActiveCfg = Debug|Any CPU
		{A1395CEA-0880-467E-993A-4C1B62B961ED}.Debug|Any CPU.Build.0 = Debug|Any CPU
		{A1395CEA-0880-467E-993A-4C1B62B961ED}.Release|Any CPU.ActiveCfg = Release|Any CPU
		{A1395CEA-0880-467E-993A-4C1B62B961ED}.Release|Any CPU.Build.0 = Release|Any CPU
	EndGlobalSection
	GlobalSection(SolutionProperties) = preSolution
		HideSolutionNode = FALSE
	EndGlobalSection
	GlobalSection(ExtensibilityGlobals) = postSolution
		SolutionGuid = {DBE14446-71EE-4058-96D9-0B1C9F510204}
	EndGlobalSection
EndGlobal
